
Microsoft Visual Studio Solution File, Format Version 12.00
# Visual Studio Version 17
VisualStudioVersion = 17.1.32210.238
MinimumVisualStudioVersion = 10.0.40219.1
Project("{9A19103F-16F7-4668-BE54-9A1E7A4F7556}") = "baxture.asigmnt.crud.oparation.api", "baxture.asigmnt.crud.oparation\baxture.asigmnt.crud.oparation.api.csproj", "{5068A402-2A4F-489A-9306-21217C6AD6C5}"
EndProject
Project("{9A19103F-16F7-4668-BE54-9A1E7A4F7556}") = "baxture.asigmnt.crud.oparation.Application", "baxture.asigmnt.crud.oparation.ApplicationService\baxture.asigmnt.crud.oparation.Application.csproj", "{0E48CF7F-2CC9-46D2-9241-52DD5CB047D2}"
EndProject
Project("{9A19103F-16F7-4668-BE54-9A1E7A4F7556}") = "baxture.asigmnt.crud.oparation.services", "baxture.asigmnt.crud.oparation.services\baxture.asigmnt.crud.oparation.services.csproj", "{3DB39210-2A7D-4216-9962-2FD1C76D27A0}"
EndProject
Project("{FAE04EC0-301F-11D3-BF4B-00C04F79EFBC}") = "baxture.asigmnt.crud.oparation.domain", "baxture.asigmnt.crud.oparation.domain\baxture.asigmnt.crud.oparation.domain.csproj", "{68626CF6-1C32-43C6-9E43-66E370E640AB}"
EndProject
Project("{FAE04EC0-301F-11D3-BF4B-00C04F79EFBC}") = "baxture.asigmnt.crud.oparation.persistance", "baxture.asigmnt.crud.oparation.persistance\baxture.asigmnt.crud.oparation.persistance.csproj", "{D0AEA08A-F7D4-4CD9-912C-4C8382F35B96}"
EndProject
Global
	GlobalSection(SolutionConfigurationPlatforms) = preSolution
		Debug|Any CPU = Debug|Any CPU
		Release|Any CPU = Release|Any CPU
	EndGlobalSection
	GlobalSection(ProjectConfigurationPlatforms) = postSolution
		{5068A402-2A4F-489A-9306-21217C6AD6C5}.Debug|Any CPU.ActiveCfg = Debug|Any CPU
		{5068A402-2A4F-489A-9306-21217C6AD6C5}.Debug|Any CPU.Build.0 = Debug|Any CPU
		{5068A402-2A4F-489A-9306-21217C6AD6C5}.Release|Any CPU.ActiveCfg = Release|Any CPU
		{5068A402-2A4F-489A-9306-21217C6AD6C5}.Release|Any CPU.Build.0 = Release|Any CPU
		{0E48CF7F-2CC9-46D2-9241-52DD5CB047D2}.Debug|Any CPU.ActiveCfg = Debug|Any CPU
		{0E48CF7F-2CC9-46D2-9241-52DD5CB047D2}.Debug|Any CPU.Build.0 = Debug|Any CPU
		{0E48CF7F-2CC9-46D2-9241-52DD5CB047D2}.Release|Any CPU.ActiveCfg = Release|Any CPU
		{0E48CF7F-2CC9-46D2-9241-52DD5CB047D2}.Release|Any CPU.Build.0 = Release|Any CPU
		{3DB39210-2A7D-4216-9962-2FD1C76D27A0}.Debug|Any CPU.ActiveCfg = Debug|Any CPU
		{3DB39210-2A7D-4216-9962-2FD1C76D27A0}.Debug|Any CPU.Build.0 = Debug|Any CPU
		{3DB39210-2A7D-4216-9962-2FD1C76D27A0}.Release|Any CPU.ActiveCfg = Release|Any CPU
		{3DB39210-2A7D-4216-9962-2FD1C76D27A0}.Release|Any CPU.Build.0 = Release|Any CPU
		{68626CF6-1C32-43C6-9E43-66E370E640AB}.Debug|Any CPU.ActiveCfg = Debug|Any CPU
		{68626CF6-1C32-43C6-9E43-66E370E640AB}.Debug|Any CPU.Build.0 = Debug|Any CPU
		{68626CF6-1C32-43C6-9E43-66E370E640AB}.Release|Any CPU.ActiveCfg = Release|Any CPU
		{68626CF6-1C32-43C6-9E43-66E370E640AB}.Release|Any CPU.Build.0 = Release|Any CPU
		{D0AEA08A-F7D4-4CD9-912C-4C8382F35B96}.Debug|Any CPU.ActiveCfg = Debug|Any CPU
		{D0AEA08A-F7D4-4CD9-912C-4C8382F35B96}.Debug|Any CPU.Build.0 = Debug|Any CPU
		{D0AEA08A-F7D4-4CD9-912C-4C8382F35B96}.Release|Any CPU.ActiveCfg = Release|Any CPU
		{D0AEA08A-F7D4-4CD9-912C-4C8382F35B96}.Release|Any CPU.Build.0 = Release|Any CPU
	EndGlobalSection
	GlobalSection(SolutionProperties) = preSolution
		HideSolutionNode = FALSE
	EndGlobalSection
	GlobalSection(ExtensibilityGlobals) = postSolution
		SolutionGuid = {25086D10-D4D9-4047-BF45-60E1B7E88439}
	EndGlobalSection
EndGlobal
